hash: 262ab6fe0bf064447e49586fc0a800c5c1a99c449d63dd91e127dc2bb47867fa
updated: 2018-08-15T06:45:23.040188478Z
imports:
- name: github.com/go-sql-driver/mysql
  version: d523deb1b23d913de5bdada721a6071e71283618
- name: github.com/juju/errors
  version: 22422dad46e14561a0854ad42497a75af9b61909
- name: github.com/sirupsen/logrus
  version: 3e01752db0189b9157070a0e1668a620f9a85da2
- name: golang.org/x/crypto
  version: de0752318171da717af4ce24d0a2e8626afaeb11
  subpackages:
  - ssh/terminal
- name: golang.org/x/sys
  version: 4e1fef5609515ec7a2cee7b5de30ba6d9b438cbf
  subpackages:
  - unix
  - windows
- name: google.golang.org/appengine
  version: 4216e58b9158e5f1c906f1aca75162a46a2ec88a
  subpackages:
  - cloudsql
testImports: []
